// !$*UTF8*$!
{
	archiveVersion = 1;
	classes = {
	};
	objectVersion = 56;
	objects = {

/* Begin PBXBuildFile section */
		540FF102297E8CA2002624FA /* ViewController.swift in Sources */ = {isa = PBXBuildFile; fileRef = 540FF101297E8CA2002624FA /* ViewController.swift */; };
		540FF104297E8CB5002624FA /* Presenter.swift in Sources */ = {isa = PBXBuildFile; fileRef = 540FF103297E8CB5002624FA /* Presenter.swift */; };
		540FF106297E8CC8002624FA /* Interactor.swift in Sources */ = {isa = PBXBuildFile; fileRef = 540FF105297E8CC8002624FA /* Interactor.swift */; };
		540FF108297E8CD5002624FA /* Assembly.swift in Sources */ = {isa = PBXBuildFile; fileRef = 540FF107297E8CD5002624FA /* Assembly.swift */; };
		540FF10A297E8CEA002624FA /* InteractorInput.swift in Sources */ = {isa = PBXBuildFile; fileRef = 540FF109297E8CEA002624FA /* InteractorInput.swift */; };
		540FF10C297E8D2A002624FA /* InteractorOutput.swift in Sources */ = {isa = PBXBuildFile; fileRef = 540FF10B297E8D2A002624FA /* InteractorOutput.swift */; };
		540FF10E297E8D32002624FA /* ViewInput.swift in Sources */ = {isa = PBXBuildFile; fileRef = 540FF10D297E8D32002624FA /* ViewInput.swift */; };
		540FF110297E8D3B002624FA /* ViewOutput.swift in Sources */ = {isa = PBXBuildFile; fileRef = 540FF10F297E8D3B002624FA /* ViewOutput.swift */; };
		540FF112297E8D4B002624FA /* RouterInput.swift in Sources */ = {isa = PBXBuildFile; fileRef = 540FF111297E8D4B002624FA /* RouterInput.swift */; };
		5495F3372977F9B600276C8A /* AppDelegate.swift in Sources */ = {isa = PBXBuildFile; fileRef = 5495F3362977F9B600276C8A /* AppDelegate.swift */; };
		5495F3392977F9B600276C8A /* SceneDelegate.swift in Sources */ = {isa = PBXBuildFile; fileRef = 5495F3382977F9B600276C8A /* SceneDelegate.swift */; };
		5495F33B2977F9B600276C8A /* MapViewController.swift in Sources */ = {isa = PBXBuildFile; fileRef = 5495F33A2977F9B600276C8A /* MapViewController.swift */; };
		5495F3402977F9B900276C8A /* Assets.xcassets in Resources */ = {isa = PBXBuildFile; fileRef = 5495F33F2977F9B900276C8A /* Assets.xcassets */; };
		5495F3432977F9B900276C8A /* LaunchScreen.storyboard in Resources */ = {isa = PBXBuildFile; fileRef = 5495F3412977F9B900276C8A /* LaunchScreen.storyboard */; };
		5495F34E297800EA00276C8A /* AppCoordinator.swift in Sources */ = {isa = PBXBuildFile; fileRef = 5495F34D297800EA00276C8A /* AppCoordinator.swift */; };
		5495F3502978010700276C8A /* Coordinator.swift in Sources */ = {isa = PBXBuildFile; fileRef = 5495F34F2978010700276C8A /* Coordinator.swift */; };
		5495F3522978016400276C8A /* BaseCoordinator.swift in Sources */ = {isa = PBXBuildFile; fileRef = 5495F3512978016400276C8A /* BaseCoordinator.swift */; };
		5495F3542978032C00276C8A /* CoordinatorOutput.swift in Sources */ = {isa = PBXBuildFile; fileRef = 5495F3532978032C00276C8A /* CoordinatorOutput.swift */; };
		5495F356297803A100276C8A /* Router.swift in Sources */ = {isa = PBXBuildFile; fileRef = 5495F355297803A100276C8A /* Router.swift */; };
		5495F358297803DC00276C8A /* NavigationRouter.swift in Sources */ = {isa = PBXBuildFile; fileRef = 5495F357297803DC00276C8A /* NavigationRouter.swift */; };
		5495F35A29780E5400276C8A /* MapCoordinator.swift in Sources */ = {isa = PBXBuildFile; fileRef = 5495F35929780E5400276C8A /* MapCoordinator.swift */; };
		5495F35C29793A5B00276C8A /* AppDIContainer.swift in Sources */ = {isa = PBXBuildFile; fileRef = 5495F35B29793A5B00276C8A /* AppDIContainer.swift */; };
		5495F35E29793D4900276C8A /* CatalogCoordinator.swift in Sources */ = {isa = PBXBuildFile; fileRef = 5495F35D29793D4900276C8A /* CatalogCoordinator.swift */; };
		5495F3602979435C00276C8A /* MapDIContainer.swift in Sources */ = {isa = PBXBuildFile; fileRef = 5495F35F2979435C00276C8A /* MapDIContainer.swift */; };
		5495F3662979641900276C8A /* CatalogViewController.swift in Sources */ = {isa = PBXBuildFile; fileRef = 5495F3652979641900276C8A /* CatalogViewController.swift */; };
		5495F3682979650D00276C8A /* CatalogDIContainer.swift in Sources */ = {isa = PBXBuildFile; fileRef = 5495F3672979650D00276C8A /* CatalogDIContainer.swift */; };
/* End PBXBuildFile section */

/* Begin PBXFileReference section */
		540FF101297E8CA2002624FA /* ViewController.swift */ = {isa = PBXFileReference; lastKnownFileType = sourcecode.swift; path = ViewController.swift; sourceTree = "<group>"; };
		540FF103297E8CB5002624FA /* Presenter.swift */ = {isa = PBXFileReference; lastKnownFileType = sourcecode.swift; path = Presenter.swift; sourceTree = "<group>"; };
		540FF105297E8CC8002624FA /* Interactor.swift */ = {isa = PBXFileReference; lastKnownFileType = sourcecode.swift; path = Interactor.swift; sourceTree = "<group>"; };
		540FF107297E8CD5002624FA /* Assembly.swift */ = {isa = PBXFileReference; lastKnownFileType = sourcecode.swift; path = Assembly.swift; sourceTree = "<group>"; };
		540FF109297E8CEA002624FA /* InteractorInput.swift */ = {isa = PBXFileReference; lastKnownFileType = sourcecode.swift; path = InteractorInput.swift; sourceTree = "<group>"; };
		540FF10B297E8D2A002624FA /* InteractorOutput.swift */ = {isa = PBXFileReference; lastKnownFileType = sourcecode.swift; path = InteractorOutput.swift; sourceTree = "<group>"; };
		540FF10D297E8D32002624FA /* ViewInput.swift */ = {isa = PBXFileReference; lastKnownFileType = sourcecode.swift; path = ViewInput.swift; sourceTree = "<group>"; };
		540FF10F297E8D3B002624FA /* ViewOutput.swift */ = {isa = PBXFileReference; lastKnownFileType = sourcecode.swift; path = ViewOutput.swift; sourceTree = "<group>"; };
		540FF111297E8D4B002624FA /* RouterInput.swift */ = {isa = PBXFileReference; lastKnownFileType = sourcecode.swift; path = RouterInput.swift; sourceTree = "<group>"; };
		5495F3332977F9B600276C8A /* CoordinatorPractice.app */ = {isa = PBXFileReference; explicitFileType = wrapper.application; includeInIndex = 0; path = CoordinatorPractice.app; sourceTree = BUILT_PRODUCTS_DIR; };
		5495F3362977F9B600276C8A /* AppDelegate.swift */ = {isa = PBXFileReference; lastKnownFileType = sourcecode.swift; path = AppDelegate.swift; sourceTree = "<group>"; };
		5495F3382977F9B600276C8A /* SceneDelegate.swift */ = {isa = PBXFileReference; lastKnownFileType = sourcecode.swift; path = SceneDelegate.swift; sourceTree = "<group>"; };
		5495F33A2977F9B600276C8A /* MapViewController.swift */ = {isa = PBXFileReference; lastKnownFileType = sourcecode.swift; path = MapViewController.swift; sourceTree = "<group>"; };
		5495F33F2977F9B900276C8A /* Assets.xcassets */ = {isa = PBXFileReference; lastKnownFileType = folder.assetcatalog; path = Assets.xcassets; sourceTree = "<group>"; };
		5495F3422977F9B900276C8A /* Base */ = {isa = PBXFileReference; lastKnownFileType = file.storyboard; name = Base; path = Base.lproj/LaunchScreen.storyboard; sourceTree = "<group>"; };
		5495F3442977F9B900276C8A /* Info.plist */ = {isa = PBXFileReference; lastKnownFileType = text.plist.xml; path = Info.plist; sourceTree = "<group>"; };
		5495F34D297800EA00276C8A /* AppCoordinator.swift */ = {isa = PBXFileReference; lastKnownFileType = sourcecode.swift; path = AppCoordinator.swift; sourceTree = "<group>"; };
		5495F34F2978010700276C8A /* Coordinator.swift */ = {isa = PBXFileReference; lastKnownFileType = sourcecode.swift; path = Coordinator.swift; sourceTree = "<group>"; };
		5495F3512978016400276C8A /* BaseCoordinator.swift */ = {isa = PBXFileReference; lastKnownFileType = sourcecode.swift; path = BaseCoordinator.swift; sourceTree = "<group>"; };
		5495F3532978032C00276C8A /* CoordinatorOutput.swift */ = {isa = PBXFileReference; lastKnownFileType = sourcecode.swift; path = CoordinatorOutput.swift; sourceTree = "<group>"; };
		5495F355297803A100276C8A /* Router.swift */ = {isa = PBXFileReference; lastKnownFileType = sourcecode.swift; path = Router.swift; sourceTree = "<group>"; };
		5495F357297803DC00276C8A /* NavigationRouter.swift */ = {isa = PBXFileReference; lastKnownFileType = sourcecode.swift; path = NavigationRouter.swift; sourceTree = "<group>"; };
		5495F35929780E5400276C8A /* MapCoordinator.swift */ = {isa = PBXFileReference; lastKnownFileType = sourcecode.swift; path = MapCoordinator.swift; sourceTree = "<group>"; };
		5495F35B29793A5B00276C8A /* AppDIContainer.swift */ = {isa = PBXFileReference; lastKnownFileType = sourcecode.swift; path = AppDIContainer.swift; sourceTree = "<group>"; };
		5495F35D29793D4900276C8A /* CatalogCoordinator.swift */ = {isa = PBXFileReference; lastKnownFileType = sourcecode.swift; path = CatalogCoordinator.swift; sourceTree = "<group>"; };
		5495F35F2979435C00276C8A /* MapDIContainer.swift */ = {isa = PBXFileReference; lastKnownFileType = sourcecode.swift; path = MapDIContainer.swift; sourceTree = "<group>"; };
		5495F3652979641900276C8A /* CatalogViewController.swift */ = {isa = PBXFileReference; lastKnownFileType = sourcecode.swift; path = CatalogViewController.swift; sourceTree = "<group>"; };
		5495F3672979650D00276C8A /* CatalogDIContainer.swift */ = {isa = PBXFileReference; lastKnownFileType = sourcecode.swift; path = CatalogDIContainer.swift; sourceTree = "<group>"; };
/* End PBXFileReference section */

/* Begin PBXFrameworksBuildPhase section */
		5495F3302977F9B600276C8A /* Frameworks */ = {
			isa = PBXFrameworksBuildPhase;
			buildActionMask = 2147483647;
			files = (
			);
			runOnlyForDeploymentPostprocessing = 0;
		};
/* End PBXFrameworksBuildPhase section */

/* Begin PBXGroup section */
		540FF100297E8C83002624FA /* Viper */ = {
			isa = PBXGroup;
			children = (
				540FF113297E8D59002624FA /* View */,
				540FF116297E8D82002624FA /* Presentor */,
				540FF114297E8D66002624FA /* Interactor */,
				540FF115297E8D78002624FA /* Router */,
				540FF117297E8DA1002624FA /* Assembly */,
			);
			path = Viper;
			sourceTree = "<group>";
		};
		540FF113297E8D59002624FA /* View */ = {
			isa = PBXGroup;
			children = (
				540FF101297E8CA2002624FA /* ViewController.swift */,
				540FF10D297E8D32002624FA /* ViewInput.swift */,
				540FF10F297E8D3B002624FA /* ViewOutput.swift */,
			);
			path = View;
			sourceTree = "<group>";
		};
		540FF114297E8D66002624FA /* Interactor */ = {
			isa = PBXGroup;
			children = (
				540FF105297E8CC8002624FA /* Interactor.swift */,
				540FF109297E8CEA002624FA /* InteractorInput.swift */,
				540FF10B297E8D2A002624FA /* InteractorOutput.swift */,
			);
			path = Interactor;
			sourceTree = "<group>";
		};
		540FF115297E8D78002624FA /* Router */ = {
			isa = PBXGroup;
			children = (
				540FF111297E8D4B002624FA /* RouterInput.swift */,
			);
			path = Router;
			sourceTree = "<group>";
		};
		540FF116297E8D82002624FA /* Presentor */ = {
			isa = PBXGroup;
			children = (
				540FF103297E8CB5002624FA /* Presenter.swift */,
			);
			path = Presentor;
			sourceTree = "<group>";
		};
		540FF117297E8DA1002624FA /* Assembly */ = {
			isa = PBXGroup;
			children = (
				540FF107297E8CD5002624FA /* Assembly.swift */,
			);
			path = Assembly;
			sourceTree = "<group>";
		};
		5495F32A2977F9B600276C8A = {
			isa = PBXGroup;
			children = (
				5495F3352977F9B600276C8A /* CoordinatorPractice */,
				5495F3342977F9B600276C8A /* Products */,
			);
			sourceTree = "<group>";
		};
		5495F3342977F9B600276C8A /* Products */ = {
			isa = PBXGroup;
			children = (
				5495F3332977F9B600276C8A /* CoordinatorPractice.app */,
			);
			name = Products;
			sourceTree = "<group>";
		};
		5495F3352977F9B600276C8A /* CoordinatorPractice */ = {
			isa = PBXGroup;
			children = (
				5495F34A2977FBA400276C8A /* Applications */,
				5495F34B297800C800276C8A /* Core */,
				5495F34C297800D100276C8A /* Modules */,
			);
			path = CoordinatorPractice;
			sourceTree = "<group>";
		};
		5495F34A2977FBA400276C8A /* Applications */ = {
			isa = PBXGroup;
			children = (
				5495F3362977F9B600276C8A /* AppDelegate.swift */,
				5495F3382977F9B600276C8A /* SceneDelegate.swift */,
				5495F33F2977F9B900276C8A /* Assets.xcassets */,
				5495F3412977F9B900276C8A /* LaunchScreen.storyboard */,
				5495F3442977F9B900276C8A /* Info.plist */,
			);
			path = Applications;
			sourceTree = "<group>";
		};
		5495F34B297800C800276C8A /* Core */ = {
			isa = PBXGroup;
			children = (
				5495F34D297800EA00276C8A /* AppCoordinator.swift */,
				5495F3512978016400276C8A /* BaseCoordinator.swift */,
				5495F3532978032C00276C8A /* CoordinatorOutput.swift */,
				5495F34F2978010700276C8A /* Coordinator.swift */,
				5495F357297803DC00276C8A /* NavigationRouter.swift */,
				5495F355297803A100276C8A /* Router.swift */,
				5495F35B29793A5B00276C8A /* AppDIContainer.swift */,
			);
			path = Core;
			sourceTree = "<group>";
		};
		5495F34C297800D100276C8A /* Modules */ = {
			isa = PBXGroup;
			children = (
				5495F361297963B500276C8A /* Map */,
				5495F362297963C000276C8A /* Catalog */,
				540FF100297E8C83002624FA /* Viper */,
			);
			path = Modules;
			sourceTree = "<group>";
		};
		5495F361297963B500276C8A /* Map */ = {
			isa = PBXGroup;
			children = (
				5495F363297963E100276C8A /* Scenes */,
				5495F35929780E5400276C8A /* MapCoordinator.swift */,
				5495F35F2979435C00276C8A /* MapDIContainer.swift */,
			);
			path = Map;
			sourceTree = "<group>";
		};
		5495F362297963C000276C8A /* Catalog */ = {
			isa = PBXGroup;
			children = (
				5495F3642979640B00276C8A /* Scenes */,
				5495F35D29793D4900276C8A /* CatalogCoordinator.swift */,
				5495F3672979650D00276C8A /* CatalogDIContainer.swift */,
			);
			path = Catalog;
			sourceTree = "<group>";
		};
		5495F363297963E100276C8A /* Scenes */ = {
			isa = PBXGroup;
			children = (
				5495F33A2977F9B600276C8A /* MapViewController.swift */,
			);
			path = Scenes;
			sourceTree = "<group>";
		};
		5495F3642979640B00276C8A /* Scenes */ = {
			isa = PBXGroup;
			children = (
				5495F3652979641900276C8A /* CatalogViewController.swift */,
			);
			path = Scenes;
			sourceTree = "<group>";
		};
/* End PBXGroup section */

/* Begin PBXNativeTarget section */
		5495F3322977F9B600276C8A /* CoordinatorPractice */ = {
			isa = PBXNativeTarget;
			buildConfigurationList = 5495F3472977F9B900276C8A /* Build configuration list for PBXNativeTarget "CoordinatorPractice" */;
			buildPhases = (
				5495F32F2977F9B600276C8A /* Sources */,
				5495F3302977F9B600276C8A /* Frameworks */,
				5495F3312977F9B600276C8A /* Resources */,
			);
			buildRules = (
			);
			dependencies = (
			);
			name = CoordinatorPractice;
			productName = CoordinatorPractice;
			productReference = 5495F3332977F9B600276C8A /* CoordinatorPractice.app */;
			productType = "com.apple.product-type.application";
		};
/* End PBXNativeTarget section */

/* Begin PBXProject section */
		5495F32B2977F9B600276C8A /* Project object */ = {
			isa = PBXProject;
			attributes = {
				BuildIndependentTargetsInParallel = 1;
				LastSwiftUpdateCheck = 1410;
				LastUpgradeCheck = 1410;
				TargetAttributes = {
					5495F3322977F9B600276C8A = {
						CreatedOnToolsVersion = 14.1;
					};
				};
			};
			buildConfigurationList = 5495F32E2977F9B600276C8A /* Build configuration list for PBXProject "CoordinatorPractice" */;
			compatibilityVersion = "Xcode 14.0";
			developmentRegion = en;
			hasScannedForEncodings = 0;
			knownRegions = (
				en,
				Base,
			);
			mainGroup = 5495F32A2977F9B600276C8A;
			productRefGroup = 5495F3342977F9B600276C8A /* Products */;
			projectDirPath = "";
			projectRoot = "";
			targets = (
				5495F3322977F9B600276C8A /* CoordinatorPractice */,
			);
		};
/* End PBXProject section */

/* Begin PBXResourcesBuildPhase section */
		5495F3312977F9B600276C8A /* Resources */ = {
			isa = PBXResourcesBuildPhase;
			buildActionMask = 2147483647;
			files = (
				5495F3432977F9B900276C8A /* LaunchScreen.storyboard in Resources */,
				5495F3402977F9B900276C8A /* Assets.xcassets in Resources */,
			);
			runOnlyForDeploymentPostprocessing = 0;
		};
/* End PBXResourcesBuildPhase section */

/* Begin PBXSourcesBuildPhase section */
		5495F32F2977F9B600276C8A /* Sources */ = {
			isa = PBXSourcesBuildPhase;
			buildActionMask = 2147483647;
			files = (
				5495F3662979641900276C8A /* CatalogViewController.swift in Sources */,
				540FF110297E8D3B002624FA /* ViewOutput.swift in Sources */,
				5495F35C29793A5B00276C8A /* AppDIContainer.swift in Sources */,
				5495F356297803A100276C8A /* Router.swift in Sources */,
				540FF10C297E8D2A002624FA /* InteractorOutput.swift in Sources */,
				540FF112297E8D4B002624FA /* RouterInput.swift in Sources */,
				540FF10A297E8CEA002624FA /* InteractorInput.swift in Sources */,
				540FF104297E8CB5002624FA /* Presenter.swift in Sources */,
				5495F34E297800EA00276C8A /* AppCoordinator.swift in Sources */,
				5495F3602979435C00276C8A /* MapDIContainer.swift in Sources */,
				5495F3522978016400276C8A /* BaseCoordinator.swift in Sources */,
				5495F35A29780E5400276C8A /* MapCoordinator.swift in Sources */,
				5495F33B2977F9B600276C8A /* MapViewController.swift in Sources */,
				540FF108297E8CD5002624FA /* Assembly.swift in Sources */,
				5495F358297803DC00276C8A /* NavigationRouter.swift in Sources */,
				540FF10E297E8D32002624FA /* ViewInput.swift in Sources */,
				5495F3542978032C00276C8A /* CoordinatorOutput.swift in Sources */,
				5495F3502978010700276C8A /* Coordinator.swift in Sources */,
				540FF106297E8CC8002624FA /* Interactor.swift in Sources */,
				5495F3372977F9B600276C8A /* AppDelegate.swift in Sources */,
				5495F35E29793D4900276C8A /* CatalogCoordinator.swift in Sources */,
				5495F3682979650D00276C8A /* CatalogDIContainer.swift in Sources */,
				540FF102297E8CA2002624FA /* ViewController.swift in Sources */,
				5495F3392977F9B600276C8A /* SceneDelegate.swift in Sources */,
			);
			runOnlyForDeploymentPostprocessing = 0;
		};
/* End PBXSourcesBuildPhase section */

/* Begin PBXVariantGroup section */
		5495F3412977F9B900276C8A /* LaunchScreen.storyboard */ = {
			isa = PBXVariantGroup;
			children = (
				5495F3422977F9B900276C8A /* Base */,
			);
			name = LaunchScreen.storyboard;
			sourceTree = "<group>";
		};
/* End PBXVariantGroup section */

/* Begin XCBuildConfiguration section */
		5495F3452977F9B900276C8A /* Debug */ = {
			isa = XCBuildConfiguration;
			buildSettings = {
				ALWAYS_SEARCH_USER_PATHS = NO;
				CLANG_ANALYZER_NONNULL = YES;
				CLANG_ANALYZER_NUMBER_OBJECT_CONVERSION = YES_AGGRESSIVE;
				CLANG_CXX_LANGUAGE_STANDARD = "gnu++20";
				CLANG_ENABLE_MODULES = YES;
				CLANG_ENABLE_OBJC_ARC = YES;
				CLANG_ENABLE_OBJC_WEAK = YES;
				CLANG_WARN_BLOCK_CAPTURE_AUTORELEASING = YES;
				CLANG_WARN_BOOL_CONVERSION = YES;
				CLANG_WARN_COMMA = YES;
				CLANG_WARN_CONSTANT_CONVERSION = YES;
				CLANG_WARN_DEPRECATED_OBJC_IMPLEMENTATIONS = YES;
				CLANG_WARN_DIRECT_OBJC_ISA_USAGE = YES_ERROR;
				CLANG_WARN_DOCUMENTATION_COMMENTS = YES;
				CLANG_WARN_EMPTY_BODY = YES;
				CLANG_WARN_ENUM_CONVERSION = YES;
				CLANG_WARN_INFINITE_RECURSION = YES;
				CLANG_WARN_INT_CONVERSION = YES;
				CLANG_WARN_NON_LITERAL_NULL_CONVERSION = YES;
				CLANG_WARN_OBJC_IMPLICIT_RETAIN_SELF = YES;
				CLANG_WARN_OBJC_LITERAL_CONVERSION = YES;
				CLANG_WARN_OBJC_ROOT_CLASS = YES_ERROR;
				CLANG_WARN_QUOTED_INCLUDE_IN_FRAMEWORK_HEADER = YES;
				CLANG_WARN_RANGE_LOOP_ANALYSIS = YES;
				CLANG_WARN_STRICT_PROTOTYPES = YES;
				CLANG_WARN_SUSPICIOUS_MOVE = YES;
				CLANG_WARN_UNGUARDED_AVAILABILITY = YES_AGGRESSIVE;
				CLANG_WARN_UNREACHABLE_CODE = YES;
				CLANG_WARN__DUPLICATE_METHOD_MATCH = YES;
				COPY_PHASE_STRIP = NO;
				DEBUG_INFORMATION_FORMAT = dwarf;
				ENABLE_STRICT_OBJC_MSGSEND = YES;
				ENABLE_TESTABILITY = YES;
				GCC_C_LANGUAGE_STANDARD = gnu11;
				GCC_DYNAMIC_NO_PIC = NO;
				GCC_NO_COMMON_BLOCKS = YES;
				GCC_OPTIMIZATION_LEVEL = 0;
				GCC_PREPROCESSOR_DEFINITIONS = (
					"DEBUG=1",
					"$(inherited)",
				);
				GCC_WARN_64_TO_32_BIT_CONVERSION = YES;
				GCC_WARN_ABOUT_RETURN_TYPE = YES_ERROR;
				GCC_WARN_UNDECLARED_SELECTOR = YES;
				GCC_WARN_UNINITIALIZED_AUTOS = YES_AGGRESSIVE;
				GCC_WARN_UNUSED_FUNCTION = YES;
				GCC_WARN_UNUSED_VARIABLE = YES;
				IPHONEOS_DEPLOYMENT_TARGET = 16.1;
				MTL_ENABLE_DEBUG_INFO = INCLUDE_SOURCE;
				MTL_FAST_MATH = YES;
				ONLY_ACTIVE_ARCH = YES;
				SDKROOT = iphoneos;
				SWIFT_ACTIVE_COMPILATION_CONDITIONS = DEBUG;
				SWIFT_OPTIMIZATION_LEVEL = "-Onone";
			};
			name = Debug;
		};
		5495F3462977F9B900276C8A /* Release */ = {
			isa = XCBuildConfiguration;
			buildSettings = {
				ALWAYS_SEARCH_USER_PATHS = NO;
				CLANG_ANALYZER_NONNULL = YES;
				CLANG_ANALYZER_NUMBER_OBJECT_CONVERSION = YES_AGGRESSIVE;
				CLANG_CXX_LANGUAGE_STANDARD = "gnu++20";
				CLANG_ENABLE_MODULES = YES;
				CLANG_ENABLE_OBJC_ARC = YES;
				CLANG_ENABLE_OBJC_WEAK = YES;
				CLANG_WARN_BLOCK_CAPTURE_AUTORELEASING = YES;
				CLANG_WARN_BOOL_CONVERSION = YES;
				CLANG_WARN_COMMA = YES;
				CLANG_WARN_CONSTANT_CONVERSION = YES;
				CLANG_WARN_DEPRECATED_OBJC_IMPLEMENTATIONS = YES;
				CLANG_WARN_DIRECT_OBJC_ISA_USAGE = YES_ERROR;
				CLANG_WARN_DOCUMENTATION_COMMENTS = YES;
				CLANG_WARN_EMPTY_BODY = YES;
				CLANG_WARN_ENUM_CONVERSION = YES;
				CLANG_WARN_INFINITE_RECURSION = YES;
				CLANG_WARN_INT_CONVERSION = YES;
				CLANG_WARN_NON_LITERAL_NULL_CONVERSION = YES;
				CLANG_WARN_OBJC_IMPLICIT_RETAIN_SELF = YES;
				CLANG_WARN_OBJC_LITERAL_CONVERSION = YES;
				CLANG_WARN_OBJC_ROOT_CLASS = YES_ERROR;
				CLANG_WARN_QUOTED_INCLUDE_IN_FRAMEWORK_HEADER = YES;
				CLANG_WARN_RANGE_LOOP_ANALYSIS = YES;
				CLANG_WARN_STRICT_PROTOTYPES = YES;
				CLANG_WARN_SUSPICIOUS_MOVE = YES;
				CLANG_WARN_UNGUARDED_AVAILABILITY = YES_AGGRESSIVE;
				CLANG_WARN_UNREACHABLE_CODE = YES;
				CLANG_WARN__DUPLICATE_METHOD_MATCH = YES;
				COPY_PHASE_STRIP = NO;
				DEBUG_INFORMATION_FORMAT = "dwarf-with-dsym";
				ENABLE_NS_ASSERTIONS = NO;
				ENABLE_STRICT_OBJC_MSGSEND = YES;
				GCC_C_LANGUAGE_STANDARD = gnu11;
				GCC_NO_COMMON_BLOCKS = YES;
				GCC_WARN_64_TO_32_BIT_CONVERSION = YES;
				GCC_WARN_ABOUT_RETURN_TYPE = YES_ERROR;
				GCC_WARN_UNDECLARED_SELECTOR = YES;
				GCC_WARN_UNINITIALIZED_AUTOS = YES_AGGRESSIVE;
				GCC_WARN_UNUSED_FUNCTION = YES;
				GCC_WARN_UNUSED_VARIABLE = YES;
				IPHONEOS_DEPLOYMENT_TARGET = 16.1;
				MTL_ENABLE_DEBUG_INFO = NO;
				MTL_FAST_MATH = YES;
				SDKROOT = iphoneos;
				SWIFT_COMPILATION_MODE = wholemodule;
				SWIFT_OPTIMIZATION_LEVEL = "-O";
				VALIDATE_PRODUCT = YES;
			};
			name = Release;
		};
		5495F3482977F9B900276C8A /* Debug */ = {
			isa = XCBuildConfiguration;
			buildSettings = {
				ASSETCATALOG_COMPILER_APPICON_NAME = AppIcon;
				ASSETCATALOG_COMPILER_GLOBAL_ACCENT_COLOR_NAME = AccentColor;
				CODE_SIGN_STYLE = Automatic;
				CURRENT_PROJECT_VERSION = 1;
				GENERATE_INFOPLIST_FILE = YES;
				INFOPLIST_FILE = CoordinatorPractice/Applications/Info.plist;
				INFOPLIST_KEY_UIApplicationSupportsIndirectInputEvents = YES;
				INFOPLIST_KEY_UILaunchStoryboardName = LaunchScreen;
				INFOPLIST_KEY_UIMainStoryboardFile = "";
				INFOPLIST_KEY_UISupportedInterfaceOrientations_iPad = "UIInterfaceOrientationPortrait UIInterfaceOrientationPortraitUpsideDown UIInterfaceOrientationLandscapeLeft UIInterfaceOrientationLandscapeRight";
				INFOPLIST_KEY_UISupportedInterfaceOrientations_iPhone = "UIInterfaceOrientationPortrait UIInterfaceOrientationLandscapeLeft UIInterfaceOrientationLandscapeRight";
				LD_RUNPATH_SEARCH_PATHS = (
					"$(inherited)",
					"@executable_path/Frameworks",
				);
				MARKETING_VERSION = 1.0;
				PRODUCT_BUNDLE_IDENTIFIER = noone.CoordinatorPractice;
				PRODUCT_NAME = "$(TARGET_NAME)";
				SWIFT_EMIT_LOC_STRINGS = YES;
				SWIFT_VERSION = 5.0;
				TARGETED_DEVICE_FAMILY = "1,2";
			};
			name = Debug;
		};
		5495F3492977F9B900276C8A /* Release */ = {
			isa = XCBuildConfiguration;
			buildSettings = {
				ASSETCATALOG_COMPILER_APPICON_NAME = AppIcon;
				ASSETCATALOG_COMPILER_GLOBAL_ACCENT_COLOR_NAME = AccentColor;
				CODE_SIGN_STYLE = Automatic;
				CURRENT_PROJECT_VERSION = 1;
				GENERATE_INFOPLIST_FILE = YES;
				INFOPLIST_FILE = CoordinatorPractice/Applications/Info.plist;
				INFOPLIST_KEY_UIApplicationSupportsIndirectInputEvents = YES;
				INFOPLIST_KEY_UILaunchStoryboardName = LaunchScreen;
				INFOPLIST_KEY_UIMainStoryboardFile = "";
				INFOPLIST_KEY_UISupportedInterfaceOrientations_iPad = "UIInterfaceOrientationPortrait UIInterfaceOrientationPortraitUpsideDown UIInterfaceOrientationLandscapeLeft UIInterfaceOrientationLandscapeRight";
				INFOPLIST_KEY_UISupportedInterfaceOrientations_iPhone = "UIInterfaceOrientationPortrait UIInterfaceOrientationLandscapeLeft UIInterfaceOrientationLandscapeRight";
				LD_RUNPATH_SEARCH_PATHS = (
					"$(inherited)",
					"@executable_path/Frameworks",
				);
				MARKETING_VERSION = 1.0;
				PRODUCT_BUNDLE_IDENTIFIER = noone.CoordinatorPractice;
				PRODUCT_NAME = "$(TARGET_NAME)";
				SWIFT_EMIT_LOC_STRINGS = YES;
				SWIFT_VERSION = 5.0;
				TARGETED_DEVICE_FAMILY = "1,2";
			};
			name = Release;
		};
/* End XCBuildConfiguration section */

/* Begin XCConfigurationList section */
		5495F32E2977F9B600276C8A /* Build configuration list for PBXProject "CoordinatorPractice" */ = {
			isa = XCConfigurationList;
			buildConfigurations = (
				5495F3452977F9B900276C8A /* Debug */,
				5495F3462977F9B900276C8A /* Release */,
			);
			defaultConfigurationIsVisible = 0;
			defaultConfigurationName = Release;
		};
		5495F3472977F9B900276C8A /* Build configuration list for PBXNativeTarget "CoordinatorPractice" */ = {
			isa = XCConfigurationList;
			buildConfigurations = (
				5495F3482977F9B900276C8A /* Debug */,
				5495F3492977F9B900276C8A /* Release */,
			);
			defaultConfigurationIsVisible = 0;
			defaultConfigurationName = Release;
		};
/* End XCConfigurationList section */
	};
	rootObject = 5495F32B2977F9B600276C8A /* Project object */;
}
